
Microsoft Visual Studio Solution File, Format Version 12.00
# Visual Studio Version 16
VisualStudioVersion = 16.0.29709.97
MinimumVisualStudioVersion = 10.0.40219.1
Project("{F184B08F-C81C-45F6-A57F-5ABD9991F28F}") = "Ventas", "Ventas\Ventas.vbproj", "{96BC1399-8CF6-4528-A370-CAA610D9E470}"
EndProject
Global
	GlobalSection(SolutionConfigurationPlatforms) = preSolution
		Debug|Any CPU = Debug|Any CPU
		Release|Any CPU = Release|Any CPU
	EndGlobalSection
	GlobalSection(ProjectConfigurationPlatforms) = postSolution
		{96BC1399-8CF6-4528-A370-CAA610D9E470}.Debug|Any CPU.ActiveCfg = Debug|Any CPU
		{96BC1399-8CF6-4528-A370-CAA610D9E470}.Debug|Any CPU.Build.0 = Debug|Any CPU
		{96BC1399-8CF6-4528-A370-CAA610D9E470}.Release|Any CPU.ActiveCfg = Release|Any CPU
		{96BC1399-8CF6-4528-A370-CAA610D9E470}.Release|Any CPU.Build.0 = Release|Any CPU
	EndGlobalSection
	GlobalSection(SolutionProperties) = preSolution
		HideSolutionNode = FALSE
	EndGlobalSection
	GlobalSection(ExtensibilityGlobals) = postSolution
		SolutionGuid = {2390229A-5FBF-408E-9CF6-134BFE7C049D}
	EndGlobalSection
EndGlobal
